Microsoft Visual Studio Solution File, Format Version 11.00
# Visual Studio 2008

Project("{784BC244-B605-3553-CB5B-3A4F9250BA79}") = "flashcards", "Assembly-CSharp-vs.csproj", "{ACD7DF07-F694-BB61-A570-0A31FEC60A7C}"
EndProject
Project("{784BC244-B605-3553-CB5B-3A4F9250BA79}") = "flashcards", "Assembly-CSharp-Editor-vs.csproj", "{2016D533-1A2F-F463-3472-7968C2D7E55E}"
EndProject
Global
	GlobalSection(SolutionConfigurationPlatforms) = preSolution
		Debug|Any CPU = Debug|Any CPU
		Release|Any CPU = Release|Any CPU
	EndGlobalSection
	GlobalSection(ProjectConfigurationPlatforms) = postSolution
		{ACD7DF07-F694-BB61-A570-0A31FEC60A7C}.Debug|Any CPU.ActiveCfg = Debug|Any CPU
		{ACD7DF07-F694-BB61-A570-0A31FEC60A7C}.Debug|Any CPU.Build.0 = Debug|Any CPU
		{ACD7DF07-F694-BB61-A570-0A31FEC60A7C}.Release|Any CPU.ActiveCfg = Release|Any CPU
		{ACD7DF07-F694-BB61-A570-0A31FEC60A7C}.Release|Any CPU.Build.0 = Release|Any CPU
		{2016D533-1A2F-F463-3472-7968C2D7E55E}.Debug|Any CPU.ActiveCfg = Debug|Any CPU
		{2016D533-1A2F-F463-3472-7968C2D7E55E}.Debug|Any CPU.Build.0 = Debug|Any CPU
		{2016D533-1A2F-F463-3472-7968C2D7E55E}.Release|Any CPU.ActiveCfg = Release|Any CPU
		{2016D533-1A2F-F463-3472-7968C2D7E55E}.Release|Any CPU.Build.0 = Release|Any CPU
	EndGlobalSection
	GlobalSection(SolutionProperties) = preSolution
		HideSolutionNode = FALSE
	EndGlobalSection
																																																								GlobalSection(MonoDevelopProperties) = preSolution
		StartupItem = Assembly-CSharp.csproj
		Policies = $0
		$0.TextStylePolicy = $1
		$1.inheritsSet = null
		$1.scope = text/x-csharp
		$0.CSharpFormattingPolicy = $2
		$2.inheritsSet = Mono
		$2.inheritsScope = text/x-csharp
		$2.scope = text/x-csharp
		$0.TextStylePolicy = $3
		$3.FileWidth = 120
		$3.TabWidth = 4
		$3.EolMarker = Unix
		$3.inheritsSet = Mono
		$3.inheritsScope = text/plain
		$3.scope = text/plain
	EndGlobalSection

EndGlobal
